PODS:
  - Flutter (1.0.0)
  - receive_sharing_intent (1.6.4):
    - Flutter

DEPENDENCIES:
  - Flutter (from `Flutter`)
  - receive_sharing_intent (from `.symlinks/plugins/receive_sharing_intent/ios`)

EXTERNAL SOURCES:
  Flutter:
    :path: Flutter
  receive_sharing_intent:
    :path: ".symlinks/plugins/receive_sharing_intent/ios"

SPEC CHECKSUMS:
  Flutter: e0871f40cf51350855a761d2e70bf5af5b9b5de7
  receive_sharing_intent: 3181dc0ee10abab0a240e3f4e52f74d805516ee2

PODFILE CHECKSUM: 52a2656d02900143f8b68ada901f5f20410c7e49

COCOAPODS: 1.13.0
